
Microsoft Visual Studio Solution File, Format Version 12.00
# Visual Studio Version 17
VisualStudioVersion = 17.3.32929.385
MinimumVisualStudioVersion = 10.0.40219.1
Project("{9A19103F-16F7-4668-BE54-9A1E7A4F7556}") = "Books.Api", "Books.Api\Books.Api.csproj", "{7AD75962-F7F3-431D-854A-2CD016D10C9B}"
EndProject
Project("{9A19103F-16F7-4668-BE54-9A1E7A4F7556}") = "Books.DataAccessLayer", "Books.DataAccessLayer\Books.DataAccessLayer.csproj", "{59C7336C-57AB-4581-92E9-13FF6990CF18}"
EndProject
Project("{9A19103F-16F7-4668-BE54-9A1E7A4F7556}") = "Books.BusinessLogic", "Books.BusinessLogic\Books.BusinessLogic.csproj", "{FF6C14AF-CAD2-430F-A8B6-6D1F0295B292}"
EndProject
Project("{FAE04EC0-301F-11D3-BF4B-00C04F79EFBC}") = "Books.Tests", "Books.Tests\Books.Tests.csproj", "{DD62E91F-0482-4A8F-9227-9FFD2E57C661}"
EndProject
Global
	GlobalSection(SolutionConfigurationPlatforms) = preSolution
		Debug|Any CPU = Debug|Any CPU
		Release|Any CPU = Release|Any CPU
	EndGlobalSection
	GlobalSection(ProjectConfigurationPlatforms) = postSolution
		{7AD75962-F7F3-431D-854A-2CD016D10C9B}.Debug|Any CPU.ActiveCfg = Debug|Any CPU
		{7AD75962-F7F3-431D-854A-2CD016D10C9B}.Debug|Any CPU.Build.0 = Debug|Any CPU
		{7AD75962-F7F3-431D-854A-2CD016D10C9B}.Release|Any CPU.ActiveCfg = Release|Any CPU
		{7AD75962-F7F3-431D-854A-2CD016D10C9B}.Release|Any CPU.Build.0 = Release|Any CPU
		{59C7336C-57AB-4581-92E9-13FF6990CF18}.Debug|Any CPU.ActiveCfg = Debug|Any CPU
		{59C7336C-57AB-4581-92E9-13FF6990CF18}.Debug|Any CPU.Build.0 = Debug|Any CPU
		{59C7336C-57AB-4581-92E9-13FF6990CF18}.Release|Any CPU.ActiveCfg = Release|Any CPU
		{59C7336C-57AB-4581-92E9-13FF6990CF18}.Release|Any CPU.Build.0 = Release|Any CPU
		{FF6C14AF-CAD2-430F-A8B6-6D1F0295B292}.Debug|Any CPU.ActiveCfg = Debug|Any CPU
		{FF6C14AF-CAD2-430F-A8B6-6D1F0295B292}.Debug|Any CPU.Build.0 = Debug|Any CPU
		{FF6C14AF-CAD2-430F-A8B6-6D1F0295B292}.Release|Any CPU.ActiveCfg = Release|Any CPU
		{FF6C14AF-CAD2-430F-A8B6-6D1F0295B292}.Release|Any CPU.Build.0 = Release|Any CPU
		{DD62E91F-0482-4A8F-9227-9FFD2E57C661}.Debug|Any CPU.ActiveCfg = Debug|Any CPU
		{DD62E91F-0482-4A8F-9227-9FFD2E57C661}.Debug|Any CPU.Build.0 = Debug|Any CPU
		{DD62E91F-0482-4A8F-9227-9FFD2E57C661}.Release|Any CPU.ActiveCfg = Release|Any CPU
		{DD62E91F-0482-4A8F-9227-9FFD2E57C661}.Release|Any CPU.Build.0 = Release|Any CPU
	EndGlobalSection
	GlobalSection(SolutionProperties) = preSolution
		HideSolutionNode = FALSE
	EndGlobalSection
	GlobalSection(ExtensibilityGlobals) = postSolution
		SolutionGuid = {BD8787F3-5B6D-42C4-8121-27B2D603C30C}
	EndGlobalSection
EndGlobal
